// !$*UTF8*$!
{
	archiveVersion = 1;
	classes = {
	};
	objectVersion = 90;
	objects = {

/* Begin PBXBuildFile section */
		06C3E897629B462490951D1C /* PiruWidget.appex in Embed Foundation Extensions */ = {isa = PBXBuildFile; fileRef = 51DE9CFA11C848FCA878214C /* PiruWidget.appex */; platformFilter = ios; settings = {ATTRIBUTES = (RemoveHeadersOnCopy, ); }; };
		0B1576A92FEBA88900517683 /* AsyncAlgorithms in Frameworks */ = {isa = PBXBuildFile; productRef = 0B1576A82FEBA88900517683 /* AsyncAlgorithms */; };
		0B33C3993025783600182A68 /* WidgetKit.framework in Frameworks */ = {isa = PBXBuildFile; fileRef = 0B793F0F2F55446700FB3EE1 /* WidgetKit.framework */; };
		0B33C39A3025783600182A68 /* SwiftUI.framework in Frameworks */ = {isa = PBXBuildFile; fileRef = 0B793F112F55446700FB3EE1 /* SwiftUI.framework */; };
		0B33C3A53025783800182A68 /* PiruComplicationExtension.appex in Embed Foundation Extensions */ = {isa = PBXBuildFile; fileRef = 0B33C3983025783600182A68 /* PiruComplicationExtension.appex */; platformFilter = ios; settings = {ATTRIBUTES = (RemoveHeadersOnCopy, ); }; };
		0B793F102F55446700FB3EE1 /* WidgetKit.framework in Frameworks */ = {isa = PBXBuildFile; fileRef = 0B793F0F2F55446700FB3EE1 /* WidgetKit.framework */; };
		0B793F122F55446700FB3EE1 /* SwiftUI.framework in Frameworks */ = {isa = PBXBuildFile; fileRef = 0B793F112F55446700FB3EE1 /* SwiftUI.framework */; };
		0B793F1F2F55446900FB3EE1 /* PiruLiveActivityExtensionExtension.appex in Embed Foundation Extensions */ = {isa = PBXBuildFile; fileRef = 0B793F0D2F55446700FB3EE1 /* PiruLiveActivityExtensionExtension.appex */; platformFilter = ios; settings = {ATTRIBUTES = (RemoveHeadersOnCopy, ); }; };
		0B7A7C0000000000000000A3 /* PiruWatch Watch App.app in Embed Watch Content */ = {isa = PBXBuildFile; fileRef = 0B3399093025398800182A68 /* PiruWatch Watch App.app */; platformFilter = ios; settings = {ATTRIBUTES = (RemoveHeadersOnCopy, ); }; };
		0B7CFB712FC48B84007EE957 /* GRDB in Frameworks */ = {isa = PBXBuildFile; productRef = 0B7CFB702FC48B84007EE957 /* GRDB */; };
/* End PBXBuildFile section */

/* Begin PBXContainerItemProxy section */
		0B33C3A33025783800182A68 /* PBXContainerItemProxy */ = {
			isa = PBXContainerItemProxy;
			containerPortal = 0B793EF32F55434700FB3EE1 /* Project object */;
			proxyType = 1;
			remoteGlobalIDString = 0B33C3973025783600182A68;
			remoteInfo = PiruComplicationExtension;
		};
		0B793F1D2F55446900FB3EE1 /* PBXContainerItemProxy */ = {
			isa = PBXContainerItemProxy;
			containerPortal = 0B793EF32F55434700FB3EE1 /* Project object */;
			proxyType = 1;
			remoteGlobalIDString = 0B793F0C2F55446700FB3EE1;
			remoteInfo = PiruLiveActivityExtensionExtension;
		};
		0B793F2D2F55448700FB3EE1 /* PBXContainerItemProxy */ = {
			isa = PBXContainerItemProxy;
			containerPortal = 0B793EF32F55434700FB3EE1 /* Project object */;
			proxyType = 1;
			remoteGlobalIDString = 0B793EFA2F55434700FB3EE1;
			remoteInfo = Piru;
		};
		0B7A7C0000000000000000A1 /* PBXContainerItemProxy */ = {
			isa = PBXContainerItemProxy;
			containerPortal = 0B793EF32F55434700FB3EE1 /* Project object */;
			proxyType = 1;
			remoteGlobalIDString = 0B3399083025398800182A68;
			remoteInfo = "PiruWatch Watch App";
		};
		CE814B69A2584184B107983E /* PBXContainerItemProxy */ = {
			isa = PBXContainerItemProxy;
			containerPortal = 0B793EF32F55434700FB3EE1 /* Project object */;
			proxyType = 1;
			remoteGlobalIDString = 40905C6634D1463ABA5AADE3;
			remoteInfo = PiruWidget;
		};
/* End PBXContainerItemProxy section */

/* Begin PBXCopyFilesBuildPhase section */
		0B33C3A63025783800182A68 /* Embed Foundation Extensions */ = {
			isa = PBXCopyFilesBuildPhase;
			dstPath = "";
			dstSubfolder = PlugIns;
			files = (
				0B33C3A53025783800182A68 /* PiruComplicationExtension.appex in Embed Foundation Extensions */,
			);
			name = "Embed Foundation Extensions";
		};
		0B793F242F55446900FB3EE1 /* Embed Foundation Extensions */ = {
			isa = PBXCopyFilesBuildPhase;
			dstPath = "";
			dstSubfolder = PlugIns;
			files = (
				0B793F1F2F55446900FB3EE1 /* PiruLiveActivityExtensionExtension.appex in Embed Foundation Extensions */,
				06C3E897629B462490951D1C /* PiruWidget.appex in Embed Foundation Extensions */,
			);
			name = "Embed Foundation Extensions";
		};
		0B7A7C0000000000000000A4 /* Embed Watch Content */ = {
			isa = PBXCopyFilesBuildPhase;
			dstPath = "$(CONTENTS_FOLDER_PATH)/Watch";
			dstSubfolder = Product;
			files = (
				0B7A7C0000000000000000A3 /* PiruWatch Watch App.app in Embed Watch Content */,
			);
			name = "Embed Watch Content";
		};
/* End PBXCopyFilesBuildPhase section */

/* Begin PBXFileReference section */
		0B3399093025398800182A68 /* PiruWatch Watch App.app */ = {isa = PBXFileReference; explicitFileType = wrapper.application; includeInIndex = 0; path = "PiruWatch Watch App.app"; sourceTree = BUILT_PRODUCTS_DIR; };
		0B33C3983025783600182A68 /* PiruComplicationExtension.appex */ = {isa = PBXFileReference; explicitFileType = "wrapper.app-extension"; includeInIndex = 0; path = PiruComplicationExtension.appex; sourceTree = BUILT_PRODUCTS_DIR; };
		0B793EFB2F55434700FB3EE1 /* Piru.app */ = {isa = PBXFileReference; explicitFileType = wrapper.application; includeInIndex = 0; path = Piru.app; sourceTree = BUILT_PRODUCTS_DIR; };
		0B793F0D2F55446700FB3EE1 /* PiruLiveActivityExtensionExtension.appex */ = {isa = PBXFileReference; explicitFileType = "wrapper.app-extension"; includeInIndex = 0; path = PiruLiveActivityExtensionExtension.appex; sourceTree = BUILT_PRODUCTS_DIR; };
		0B793F0F2F55446700FB3EE1 /* WidgetKit.framework */ = {isa = PBXFileReference; lastKnownFileType = wrapper.framework; name = WidgetKit.framework; path = System/Library/Frameworks/WidgetKit.framework; sourceTree = SDKROOT; };
		0B793F112F55446700FB3EE1 /* SwiftUI.framework */ = {isa = PBXFileReference; lastKnownFileType = wrapper.framework; name = SwiftUI.framework; path = System/Library/Frameworks/SwiftUI.framework; sourceTree = SDKROOT; };
		0B793F292F55448700FB3EE1 /* PiruTests.xctest */ = {isa = PBXFileReference; explicitFileType = wrapper.cfbundle; includeInIndex = 0; path = PiruTests.xctest; sourceTree = BUILT_PRODUCTS_DIR; };
		51DE9CFA11C848FCA878214C /* PiruWidget.appex */ = {isa = PBXFileReference; explicitFileType = "wrapper.app-extension"; includeInIndex = 0; path = PiruWidget.appex; sourceTree = BUILT_PRODUCTS_DIR; };
/* End PBXFileReference section */

/* Begin PBXFileSystemSynchronizedBuildFileExceptionSet section */
		0B33C3AA3025783800182A68 /* Exceptions for "PiruComplication" folder in "PiruComplicationExtension" target */ = {
			isa = PBXFileSystemSynchronizedBuildFileExceptionSet;
			membershipExceptions = (
				Info.plist,
			);
			target = 0B33C3973025783600182A68 /* PiruComplicationExtension */;
		};
		0B793F202F55446900FB3EE1 /* Exceptions for "PiruLiveActivityExtension" folder in "PiruLiveActivityExtensionExtension" target */ = {
			isa = PBXFileSystemSynchronizedBuildFileExceptionSet;
			membershipExceptions = (
				Info.plist,
			);
			target = 0B793F0C2F55446700FB3EE1 /* PiruLiveActivityExtensionExtension */;
		};
		0B793F322F55449000FB3EE1 /* Exceptions for "Piru" folder in "Piru" target */ = {
			isa = PBXFileSystemSynchronizedBuildFileExceptionSet;
			membershipExceptions = (
				Info.plist,
			);
			target = 0B793EFA2F55434700FB3EE1 /* Piru */;
		};
		0BFA00CE00000000000000E1 /* Exceptions for "Shared" folder in "PiruWatch Watch App" target */ = {
			isa = PBXFileSystemSynchronizedBuildFileExceptionSet;
			membershipExceptions = (
				ByVolumeDosing.swift,
				Formatting/P3Color.swift,
				WatchSync/QuickLogManifest.swift,
				WatchSync/WatchDosePayload.swift,
			);
			target = 0B3399083025398800182A68 /* PiruWatch Watch App */;
		};
		8B60329FAFD54E779AA40D87 /* Exceptions for "PiruWidget" folder in "PiruWidget" target */ = {
			isa = PBXFileSystemSynchronizedBuildFileExceptionSet;
			membershipExceptions = (
				Info.plist,
			);
			target = 40905C6634D1463ABA5AADE3 /* PiruWidget */;
		};
/* End PBXFileSystemSynchronizedBuildFileExceptionSet section */

/* Begin PBXFileSystemSynchronizedRootGroup section */
		0B33990A3025398800182A68 /* PiruWatch Watch App */ = {
			isa = PBXFileSystemSynchronizedRootGroup;
			path = "PiruWatch Watch App";
			sourceTree = "<group>";
		};
		0B33C39B3025783600182A68 /* PiruComplication */ = {
			isa = PBXFileSystemSynchronizedRootGroup;
			exceptions = (
				0B33C3AA3025783800182A68 /* Exceptions for "PiruComplication" folder in "PiruComplicationExtension" target */,
			);
			path = PiruComplication;
			sourceTree = "<group>";
		};
		0B793EFD2F55434700FB3EE1 /* Piru */ = {
			isa = PBXFileSystemSynchronizedRootGroup;
			exceptions = (
				0B793F322F55449000FB3EE1 /* Exceptions for "Piru" folder in "Piru" target */,
			);
			path = Piru;
			sourceTree = "<group>";
		};
		0B793F132F55446700FB3EE1 /* PiruLiveActivityExtension */ = {
			isa = PBXFileSystemSynchronizedRootGroup;
			exceptions = (
				0B793F202F55446900FB3EE1 /* Exceptions for "PiruLiveActivityExtension" folder in "PiruLiveActivityExtensionExtension" target */,
			);
			path = PiruLiveActivityExtension;
			sourceTree = "<group>";
		};
		0B793F2A2F55448700FB3EE1 /* PiruTests */ = {
			isa = PBXFileSystemSynchronizedRootGroup;
			path = PiruTests;
			sourceTree = "<group>";
		};
		0B793F332F55449100FB3EE1 /* Shared */ = {
			isa = PBXFileSystemSynchronizedRootGroup;
			exceptions = (
				0BFA00CE00000000000000E1 /* Exceptions for "Shared" folder in "PiruWatch Watch App" target */,
			);
			path = Shared;
			sourceTree = "<group>";
		};
		E37779A4C7B34538AC590549 /* PiruWidget */ = {
			isa = PBXFileSystemSynchronizedRootGroup;
			exceptions = (
				8B60329FAFD54E779AA40D87 /* Exceptions for "PiruWidget" folder in "PiruWidget" target */,
			);
			path = PiruWidget;
			sourceTree = "<group>";
		};
/* End PBXFileSystemSynchronizedRootGroup section */

/* Begin PBXFrameworksBuildPhase section */
		0B3399063025398800182A68 /* Frameworks */ = {
			isa = PBXFrameworksBuildPhase;
			files = (
			);
		};
		0B33C3953025783600182A68 /* Frameworks */ = {
			isa = PBXFrameworksBuildPhase;
			files = (
				0B33C39A3025783600182A68 /* SwiftUI.framework in Frameworks */,
				0B33C3993025783600182A68 /* WidgetKit.framework in Frameworks */,
			);
		};
		0B793EF82F55434700FB3EE1 /* Frameworks */ = {
			isa = PBXFrameworksBuildPhase;
			files = (
				0B7CFB712FC48B84007EE957 /* GRDB in Frameworks */,
				0B1576A92FEBA88900517683 /* AsyncAlgorithms in Frameworks */,
			);
		};
		0B793F0A2F55446700FB3EE1 /* Frameworks */ = {
			isa = PBXFrameworksBuildPhase;
			files = (
				0B793F122F55446700FB3EE1 /* SwiftUI.framework in Frameworks */,
				0B793F102F55446700FB3EE1 /* WidgetKit.framework in Frameworks */,
			);
		};
		0B793F262F55448700FB3EE1 /* Frameworks */ = {
			isa = PBXFrameworksBuildPhase;
			files = (
			);
		};
		AC10B40E159E4DDA992B8E03 /* Frameworks */ = {
			isa = PBXFrameworksBuildPhase;
			files = (
			);
		};
/* End PBXFrameworksBuildPhase section */

/* Begin PBXGroup section */
		0B793EF22F55434700FB3EE1 = {
			isa = PBXGroup;
			children = (
				0B793EFD2F55434700FB3EE1 /* Piru */,
				0B793F332F55449100FB3EE1 /* Shared */,
				0B793F132F55446700FB3EE1 /* PiruLiveActivityExtension */,
				E37779A4C7B34538AC590549 /* PiruWidget */,
				0B793F2A2F55448700FB3EE1 /* PiruTests */,
				0B33990A3025398800182A68 /* PiruWatch Watch App */,
				0B33C39B3025783600182A68 /* PiruComplication */,
				0B793F0E2F55446700FB3EE1 /* Frameworks */,
				0B793EFC2F55434700FB3EE1 /* Products */,
			);
			sourceTree = "<group>";
		};
		0B793EFC2F55434700FB3EE1 /* Products */ = {
			isa = PBXGroup;
			children = (
				0B793EFB2F55434700FB3EE1 /* Piru.app */,
				0B793F0D2F55446700FB3EE1 /* PiruLiveActivityExtensionExtension.appex */,
				0B793F292F55448700FB3EE1 /* PiruTests.xctest */,
				51DE9CFA11C848FCA878214C /* PiruWidget.appex */,
				0B3399093025398800182A68 /* PiruWatch Watch App.app */,
				0B33C3983025783600182A68 /* PiruComplicationExtension.appex */,
			);
			name = Products;
			sourceTree = "<group>";
		};
		0B793F0E2F55446700FB3EE1 /* Frameworks */ = {
			isa = PBXGroup;
			children = (
				0B793F0F2F55446700FB3EE1 /* WidgetKit.framework */,
				0B793F112F55446700FB3EE1 /* SwiftUI.framework */,
			);
			name = Frameworks;
			sourceTree = "<group>";
		};
/* End PBXGroup section */

/* Begin PBXNativeTarget section */
		0B3399083025398800182A68 /* PiruWatch Watch App */ = {
			isa = PBXNativeTarget;
			buildConfigurationList = 0B3399133025398900182A68 /* Build configuration list for PBXNativeTarget "PiruWatch Watch App" */;
			buildPhases = (
				0B3399053025398800182A68 /* Sources */,
				0B3399063025398800182A68 /* Frameworks */,
				0B3399073025398800182A68 /* Resources */,
				0B33C3A63025783800182A68 /* Embed Foundation Extensions */,
			);
			buildRules = (
			);
			dependencies = (
				0B33C3A43025783800182A68 /* PBXTargetDependency */,
			);
			fileSystemSynchronizedGroups = (
				0B33990A3025398800182A68 /* PiruWatch Watch App */,
			);
			name = "PiruWatch Watch App";
			productName = "PiruWatch Watch App";
			productReference = 0B3399093025398800182A68 /* PiruWatch Watch App.app */;
			productType = "com.apple.product-type.application";
		};
		0B33C3973025783600182A68 /* PiruComplicationExtension */ = {
			isa = PBXNativeTarget;
			buildConfigurationList = 0B33C3A93025783800182A68 /* Build configuration list for PBXNativeTarget "PiruComplicationExtension" */;
			buildPhases = (
				0B33C3943025783600182A68 /* Sources */,
				0B33C3953025783600182A68 /* Frameworks */,
				0B33C3963025783600182A68 /* Resources */,
			);
			buildRules = (
			);
			fileSystemSynchronizedGroups = (
				0B33C39B3025783600182A68 /* PiruComplication */,
			);
			name = PiruComplicationExtension;
			productName = PiruComplicationExtension;
			productReference = 0B33C3983025783600182A68 /* PiruComplicationExtension.appex */;
			productType = "com.apple.product-type.app-extension";
		};
		0B793EFA2F55434700FB3EE1 /* Piru */ = {
			isa = PBXNativeTarget;
			buildConfigurationList = 0B793F062F55434900FB3EE1 /* Build configuration list for PBXNativeTarget "Piru" */;
			buildPhases = (
				0B793EF72F55434700FB3EE1 /* Sources */,
				0B793EF82F55434700FB3EE1 /* Frameworks */,
				0B793EF92F55434700FB3EE1 /* Resources */,
				0B793F242F55446900FB3EE1 /* Embed Foundation Extensions */,
				0B7A7C0000000000000000A4 /* Embed Watch Content */,
			);
			buildRules = (
			);
			dependencies = (
				0B793F1E2F55446900FB3EE1 /* PBXTargetDependency */,
				EBC3FB5B0B3342D8934D5D30 /* PBXTargetDependency */,
				0B7A7C0000000000000000A2 /* PBXTargetDependency */,
			);
			fileSystemSynchronizedGroups = (
				0B793EFD2F55434700FB3EE1 /* Piru */,
				0B793F332F55449100FB3EE1 /* Shared */,
			);
			name = Piru;
			packageProductDependencies = (
				0B7CFB702FC48B84007EE957 /* GRDB */,
				0B1576A82FEBA88900517683 /* AsyncAlgorithms */,
			);
			productName = Piru;
			productReference = 0B793EFB2F55434700FB3EE1 /* Piru.app */;
			productType = "com.apple.product-type.application";
		};
		0B793F0C2F55446700FB3EE1 /* PiruLiveActivityExtensionExtension */ = {
			isa = PBXNativeTarget;
			buildConfigurationList = 0B793F212F55446900FB3EE1 /* Build configuration list for PBXNativeTarget "PiruLiveActivityExtensionExtension" */;
			buildPhases = (
				0B793F092F55446700FB3EE1 /* Sources */,
				0B793F0A2F55446700FB3EE1 /* Frameworks */,
				0B793F0B2F55446700FB3EE1 /* Resources */,
			);
			buildRules = (
			);
			fileSystemSynchronizedGroups = (
				0B793F132F55446700FB3EE1 /* PiruLiveActivityExtension */,
				0B793F332F55449100FB3EE1 /* Shared */,
			);
			name = PiruLiveActivityExtensionExtension;
			productName = PiruLiveActivityExtensionExtension;
			productReference = 0B793F0D2F55446700FB3EE1 /* PiruLiveActivityExtensionExtension.appex */;
			productType = "com.apple.product-type.app-extension";
		};
		0B793F282F55448700FB3EE1 /* PiruTests */ = {
			isa = PBXNativeTarget;
			buildConfigurationList = 0B793F2F2F55448700FB3EE1 /* Build configuration list for PBXNativeTarget "PiruTests" */;
			buildPhases = (
				0B793F252F55448700FB3EE1 /* Sources */,
				0B793F262F55448700FB3EE1 /* Frameworks */,
				0B793F272F55448700FB3EE1 /* Resources */,
			);
			buildRules = (
			);
			dependencies = (
				0B793F2E2F55448700FB3EE1 /* PBXTargetDependency */,
			);
			fileSystemSynchronizedGroups = (
				0B793F2A2F55448700FB3EE1 /* PiruTests */,
			);
			name = PiruTests;
			productName = PiruTests;
			productReference = 0B793F292F55448700FB3EE1 /* PiruTests.xctest */;
			productType = "com.apple.product-type.bundle.unit-test";
		};
		40905C6634D1463ABA5AADE3 /* PiruWidget */ = {
			isa = PBXNativeTarget;
			buildConfigurationList = 3EEA5D34D787431BB7B68B80 /* Build configuration list for PBXNativeTarget "PiruWidget" */;
			buildPhases = (
				DAD179725B5440F080AAFA5A /* Sources */,
				AC10B40E159E4DDA992B8E03 /* Frameworks */,
				6126DE8D8DF84847A434B9DA /* Resources */,
			);
			buildRules = (
			);
			fileSystemSynchronizedGroups = (
				0B793F332F55449100FB3EE1 /* Shared */,
				E37779A4C7B34538AC590549 /* PiruWidget */,
			);
			name = PiruWidget;
			productName = PiruWidget;
			productReference = 51DE9CFA11C848FCA878214C /* PiruWidget.appex */;
			productType = "com.apple.product-type.app-extension";
		};
/* End PBXNativeTarget section */

/* Begin PBXProject section */
		0B793EF32F55434700FB3EE1 /* Project object */ = {
			isa = PBXProject;
			attributes = {
				BuildIndependentTargetsInParallel = 1;
				LastSwiftUpdateCheck = 2660;
				LastUpgradeCheck = 2660;
				TargetAttributes = {
					0B3399083025398800182A68 = {
						CreatedOnToolsVersion = 26.6;
					};
					0B33C3973025783600182A68 = {
						CreatedOnToolsVersion = 26.6;
					};
					0B793EFA2F55434700FB3EE1 = {
						CreatedOnToolsVersion = 26.4;
					};
					0B793F0C2F55446700FB3EE1 = {
						CreatedOnToolsVersion = 26.4;
					};
					0B793F282F55448700FB3EE1 = {
						CreatedOnToolsVersion = 26.4;
						TestTargetID = 0B793EFA2F55434700FB3EE1;
					};
				};
			};
			buildConfigurationList = 0B793EF62F55434700FB3EE1 /* Build configuration list for PBXProject "Piru" */;
			developmentRegion = en;
			hasScannedForEncodings = 0;
			knownRegions = (
				en,
				Base,
				"zh-Hans",
				"zh-Hant",
				es,
				"es-ES",
			);
			mainGroup = 0B793EF22F55434700FB3EE1;
			minimizedProjectReferenceProxies = 1;
			packageReferences = (
				0B7CFB6F2FC48B84007EE957 /* XCRemoteSwiftPackageReference "GRDB.swift" */,
				0B1576A72FEBA88900517683 /* XCRemoteSwiftPackageReference "swift-async-algorithms" */,
			);
			preferredProjectObjectVersion = 90;
			productRefGroup = 0B793EFC2F55434700FB3EE1 /* Products */;
			projectDirPath = "";
			projectRoot = "";
			targets = (
				0B793EFA2F55434700FB3EE1 /* Piru */,
				0B793F0C2F55446700FB3EE1 /* PiruLiveActivityExtensionExtension */,
				0B793F282F55448700FB3EE1 /* PiruTests */,
				40905C6634D1463ABA5AADE3 /* PiruWidget */,
				0B3399083025398800182A68 /* PiruWatch Watch App */,
				0B33C3973025783600182A68 /* PiruComplicationExtension */,
			);
		};
/* End PBXProject section */

/* Begin PBXResourcesBuildPhase section */
		0B3399073025398800182A68 /* Resources */ = {
			isa = PBXResourcesBuildPhase;
			files = (
			);
		};
		0B33C3963025783600182A68 /* Resources */ = {
			isa = PBXResourcesBuildPhase;
			files = (
			);
		};
		0B793EF92F55434700FB3EE1 /* Resources */ = {
			isa = PBXResourcesBuildPhase;
			files = (
			);
		};
		0B793F0B2F55446700FB3EE1 /* Resources */ = {
			isa = PBXResourcesBuildPhase;
			files = (
			);
		};
		0B793F272F55448700FB3EE1 /* Resources */ = {
			isa = PBXResourcesBuildPhase;
			files = (
			);
		};
		6126DE8D8DF84847A434B9DA /* Resources */ = {
			isa = PBXResourcesBuildPhase;
			files = (
			);
		};
/* End PBXResourcesBuildPhase section */

/* Begin PBXSourcesBuildPhase section */
		0B3399053025398800182A68 /* Sources */ = {
			isa = PBXSourcesBuildPhase;
			files = (
			);
		};
		0B33C3943025783600182A68 /* Sources */ = {
			isa = PBXSourcesBuildPhase;
			files = (
			);
		};
		0B793EF72F55434700FB3EE1 /* Sources */ = {
			isa = PBXSourcesBuildPhase;
			files = (
			);
		};
		0B793F092F55446700FB3EE1 /* Sources */ = {
			isa = PBXSourcesBuildPhase;
			files = (
			);
		};
		0B793F252F55448700FB3EE1 /* Sources */ = {
			isa = PBXSourcesBuildPhase;
			files = (
			);
		};
		DAD179725B5440F080AAFA5A /* Sources */ = {
			isa = PBXSourcesBuildPhase;
			files = (
			);
		};
/* End PBXSourcesBuildPhase section */

/* Begin PBXTargetDependency section */
		0B33C3A43025783800182A68 /* PBXTargetDependency */ = {
			isa = PBXTargetDependency;
			target = 0B33C3973025783600182A68 /* PiruComplicationExtension */;
			targetProxy = 0B33C3A33025783800182A68 /* PBXContainerItemProxy */;
		};
		0B793F1E2F55446900FB3EE1 /* PBXTargetDependency */ = {
			isa = PBXTargetDependency;
			target = 0B793F0C2F55446700FB3EE1 /* PiruLiveActivityExtensionExtension */;
			targetProxy = 0B793F1D2F55446900FB3EE1 /* PBXContainerItemProxy */;
		};
		0B793F2E2F55448700FB3EE1 /* PBXTargetDependency */ = {
			isa = PBXTargetDependency;
			target = 0B793EFA2F55434700FB3EE1 /* Piru */;
			targetProxy = 0B793F2D2F55448700FB3EE1 /* PBXContainerItemProxy */;
		};
		0B7A7C0000000000000000A2 /* PBXTargetDependency */ = {
			isa = PBXTargetDependency;
			target = 0B3399083025398800182A68 /* PiruWatch Watch App */;
			targetProxy = 0B7A7C0000000000000000A1 /* PBXContainerItemProxy */;
		};
		EBC3FB5B0B3342D8934D5D30 /* PBXTargetDependency */ = {
			isa = PBXTargetDependency;
			target = 40905C6634D1463ABA5AADE3 /* PiruWidget */;
			targetProxy = CE814B69A2584184B107983E /* PBXContainerItemProxy */;
		};
/* End PBXTargetDependency section */

/* Begin XCBuildConfiguration section */
		0B3399113025398900182A68 /* Debug configuration for PBXNativeTarget "PiruWatch Watch App" */ = {
			isa = XCBuildConfiguration;
			buildSettings = {
				ASSETCATALOG_COMPILER_APPICON_NAME = Piru;
				ASSETCATALOG_COMPILER_GLOBAL_ACCENT_COLOR_NAME = AccentColor;
				CODE_SIGN_STYLE = Automatic;
				CURRENT_PROJECT_VERSION = 57;
				DEVELOPMENT_TEAM = 52K336H235;
				ENABLE_PREVIEWS = YES;
				GENERATE_INFOPLIST_FILE = YES;
				INFOPLIST_KEY_CFBundleDisplayName = Piru;
				INFOPLIST_KEY_LSApplicationCategoryType = "public.app-category.lifestyle";
				INFOPLIST_KEY_LSSupportsOpeningDocumentsInPlace = YES;
				INFOPLIST_KEY_NSHealthShareUsageDescription = "Piru shows your body weight, heart rate, blood pressure and workouts from Health alongside your journal entries, for your personal records.";
				INFOPLIST_KEY_NSHealthUpdateUsageDescription = "Piru uses the Health data you allow alongside your journal entries, for your personal records.";
				INFOPLIST_KEY_NSLocationWhenInUseUsageDescription = "Piru adds the place where you made an entry to your journal, for your personal records.";
				INFOPLIST_KEY_UISupportedInterfaceOrientations = "UIInterfaceOrientationPortrait UIInterfaceOrientationPortraitUpsideDown";
				INFOPLIST_KEY_WKCompanionAppBundleIdentifier = "$(PIRU_BUNDLE_ID)";
				LD_RUNPATH_SEARCH_PATHS = (
					"$(inherited)",
					"@executable_path/Frameworks",
				);
				MARKETING_VERSION = 1.0;
				PRODUCT_BUNDLE_IDENTIFIER = "$(PIRU_BUNDLE_ID).watchkitapp";
				PRODUCT_NAME = "$(TARGET_NAME)";
				SDKROOT = watchos;
				SKIP_INSTALL = YES;
				STRING_CATALOG_GENERATE_SYMBOLS = YES;
				SWIFT_APPROACHABLE_CONCURRENCY = YES;
				SWIFT_DEFAULT_ACTOR_ISOLATION = MainActor;
				SWIFT_EMIT_LOC_STRINGS = YES;
				SWIFT_UPCOMING_FEATURE_MEMBER_IMPORT_VISIBILITY = YES;
				SWIFT_VERSION = 5.0;
				TARGETED_DEVICE_FAMILY = 4;
				WATCHOS_DEPLOYMENT_TARGET = 26.0;
			};
			name = Debug;
		};
		0B3399123025398900182A68 /* Release configuration for PBXNativeTarget "PiruWatch Watch App" */ = {
			isa = XCBuildConfiguration;
			buildSettings = {
				ASSETCATALOG_COMPILER_APPICON_NAME = Piru;
				ASSETCATALOG_COMPILER_GLOBAL_ACCENT_COLOR_NAME = AccentColor;
				CODE_SIGN_STYLE = Automatic;
				CURRENT_PROJECT_VERSION = 57;
				DEVELOPMENT_TEAM = 52K336H235;
				ENABLE_PREVIEWS = YES;
				GENERATE_INFOPLIST_FILE = YES;
				INFOPLIST_KEY_CFBundleDisplayName = Piru;
				INFOPLIST_KEY_LSApplicationCategoryType = "public.app-category.lifestyle";
				INFOPLIST_KEY_LSSupportsOpeningDocumentsInPlace = YES;
				INFOPLIST_KEY_NSHealthShareUsageDescription = "Piru shows your body weight, heart rate, blood pressure and workouts from Health alongside your journal entries, for your personal records.";
				INFOPLIST_KEY_NSHealthUpdateUsageDescription = "Piru uses the Health data you allow alongside your journal entries, for your personal records.";
				INFOPLIST_KEY_NSLocationWhenInUseUsageDescription = "Piru adds the place where you made an entry to your journal, for your personal records.";
				INFOPLIST_KEY_UISupportedInterfaceOrientations = "UIInterfaceOrientationPortrait UIInterfaceOrientationPortraitUpsideDown";
				INFOPLIST_KEY_WKCompanionAppBundleIdentifier = "$(PIRU_BUNDLE_ID)";
				LD_RUNPATH_SEARCH_PATHS = (
					"$(inherited)",
					"@executable_path/Frameworks",
				);
				MARKETING_VERSION = 1.0;
				PRODUCT_BUNDLE_IDENTIFIER = "$(PIRU_BUNDLE_ID).watchkitapp";
				PRODUCT_NAME = "$(TARGET_NAME)";
				SDKROOT = watchos;
				SKIP_INSTALL = YES;
				STRING_CATALOG_GENERATE_SYMBOLS = YES;
				SWIFT_APPROACHABLE_CONCURRENCY = YES;
				SWIFT_DEFAULT_ACTOR_ISOLATION = MainActor;
				SWIFT_EMIT_LOC_STRINGS = YES;
				SWIFT_UPCOMING_FEATURE_MEMBER_IMPORT_VISIBILITY = YES;
				SWIFT_VERSION = 5.0;
				TARGETED_DEVICE_FAMILY = 4;
				WATCHOS_DEPLOYMENT_TARGET = 26.0;
			};
			name = Release;
		};
		0B33C3A73025783800182A68 /* Debug configuration for PBXNativeTarget "PiruComplicationExtension" */ = {
			isa = XCBuildConfiguration;
			buildSettings = {
				ASSETCATALOG_COMPILER_GLOBAL_ACCENT_COLOR_NAME = AccentColor;
				CODE_SIGN_STYLE = Automatic;
				CURRENT_PROJECT_VERSION = 57;
				DEVELOPMENT_TEAM = 52K336H235;
				GENERATE_INFOPLIST_FILE = YES;
				INFOPLIST_FILE = PiruComplication/Info.plist;
				INFOPLIST_KEY_CFBundleDisplayName = PiruComplication;
				INFOPLIST_KEY_NSHumanReadableCopyright = "";
				LD_RUNPATH_SEARCH_PATHS = (
					"$(inherited)",
					"@executable_path/Frameworks",
					"@executable_path/../../Frameworks",
					"@executable_path/../../../../Frameworks",
				);
				MARKETING_VERSION = 1.0;
				PRODUCT_BUNDLE_IDENTIFIER = "$(PIRU_BUNDLE_ID).watchkitapp.complications";
				PRODUCT_NAME = "$(TARGET_NAME)";
				SDKROOT = watchos;
				SKIP_INSTALL = YES;
				STRING_CATALOG_GENERATE_SYMBOLS = YES;
				SWIFT_APPROACHABLE_CONCURRENCY = YES;
				SWIFT_EMIT_LOC_STRINGS = YES;
				SWIFT_UPCOMING_FEATURE_MEMBER_IMPORT_VISIBILITY = YES;
				SWIFT_VERSION = 5.0;
				TARGETED_DEVICE_FAMILY = 4;
				WATCHOS_DEPLOYMENT_TARGET = 26.0;
			};
			name = Debug;
		};
		0B33C3A83025783800182A68 /* Release configuration for PBXNativeTarget "PiruComplicationExtension" */ = {
			isa = XCBuildConfiguration;
			buildSettings = {
				ASSETCATALOG_COMPILER_GLOBAL_ACCENT_COLOR_NAME = AccentColor;
				CODE_SIGN_STYLE = Automatic;
				CURRENT_PROJECT_VERSION = 57;
				DEVELOPMENT_TEAM = 52K336H235;
				GENERATE_INFOPLIST_FILE = YES;
				INFOPLIST_FILE = PiruComplication/Info.plist;
				INFOPLIST_KEY_CFBundleDisplayName = PiruComplication;
				INFOPLIST_KEY_NSHumanReadableCopyright = "";
				LD_RUNPATH_SEARCH_PATHS = (
					"$(inherited)",
					"@executable_path/Frameworks",
					"@executable_path/../../Frameworks",
					"@executable_path/../../../../Frameworks",
				);
				MARKETING_VERSION = 1.0;
				PRODUCT_BUNDLE_IDENTIFIER = "$(PIRU_BUNDLE_ID).watchkitapp.complications";
				PRODUCT_NAME = "$(TARGET_NAME)";
				SDKROOT = watchos;
				SKIP_INSTALL = YES;
				STRING_CATALOG_GENERATE_SYMBOLS = YES;
				SWIFT_APPROACHABLE_CONCURRENCY = YES;
				SWIFT_EMIT_LOC_STRINGS = YES;
				SWIFT_UPCOMING_FEATURE_MEMBER_IMPORT_VISIBILITY = YES;
				SWIFT_VERSION = 5.0;
				TARGETED_DEVICE_FAMILY = 4;
				WATCHOS_DEPLOYMENT_TARGET = 26.0;
			};
			name = Release;
		};
		0B793F042F55434900FB3EE1 /* Debug configuration for PBXProject "Piru" */ = {
			isa = XCBuildConfiguration;
			buildSettings = {
				ALWAYS_SEARCH_USER_PATHS = NO;
				ASSETCATALOG_COMPILER_GENERATE_SWIFT_ASSET_SYMBOL_EXTENSIONS = YES;
				CLANG_ANALYZER_LOCALIZABILITY_NONLOCALIZED = YES;
				CLANG_ANALYZER_NONNULL = YES;
				CLANG_ANALYZER_NUMBER_OBJECT_CONVERSION = YES_AGGRESSIVE;
				CLANG_CXX_LANGUAGE_STANDARD = "gnu++20";
				CLANG_ENABLE_MODULES = YES;
				CLANG_ENABLE_OBJC_ARC = YES;
				CLANG_ENABLE_OBJC_WEAK = YES;
				CLANG_WARN_BLOCK_CAPTURE_AUTORELEASING = YES;
				CLANG_WARN_BOOL_CONVERSION = YES;
				CLANG_WARN_COMMA = YES;
				CLANG_WARN_CONSTANT_CONVERSION = YES;
				CLANG_WARN_DEPRECATED_OBJC_IMPLEMENTATIONS = YES;
				CLANG_WARN_DIRECT_OBJC_ISA_USAGE = YES_ERROR;
				CLANG_WARN_DOCUMENTATION_COMMENTS = YES;
				CLANG_WARN_EMPTY_BODY = YES;
				CLANG_WARN_ENUM_CONVERSION = YES;
				CLANG_WARN_INFINITE_RECURSION = YES;
				CLANG_WARN_INT_CONVERSION = YES;
				CLANG_WARN_NON_LITERAL_NULL_CONVERSION = YES;
				CLANG_WARN_OBJC_IMPLICIT_RETAIN_SELF = YES;
				CLANG_WARN_OBJC_LITERAL_CONVERSION = YES;
				CLANG_WARN_OBJC_ROOT_CLASS = YES_ERROR;
				CLANG_WARN_QUOTED_INCLUDE_IN_FRAMEWORK_HEADER = YES;
				CLANG_WARN_RANGE_LOOP_ANALYSIS = YES;
				CLANG_WARN_STRICT_PROTOTYPES = YES;
				CLANG_WARN_SUSPICIOUS_MOVE = YES;
				CLANG_WARN_UNGUARDED_AVAILABILITY = YES_AGGRESSIVE;
				CLANG_WARN_UNREACHABLE_CODE = YES;
				CLANG_WARN__DUPLICATE_METHOD_MATCH = YES;
				COPY_PHASE_STRIP = NO;
				DEBUG_INFORMATION_FORMAT = dwarf;
				DEVELOPMENT_TEAM = 52K336H235;
				ENABLE_STRICT_OBJC_MSGSEND = YES;
				ENABLE_TESTABILITY = YES;
				ENABLE_USER_SCRIPT_SANDBOXING = YES;
				GCC_C_LANGUAGE_STANDARD = gnu17;
				GCC_DYNAMIC_NO_PIC = NO;
				GCC_NO_COMMON_BLOCKS = YES;
				GCC_OPTIMIZATION_LEVEL = 0;
				GCC_PREPROCESSOR_DEFINITIONS = (
					"DEBUG=1",
					"$(inherited)",
				);
				GCC_WARN_64_TO_32_BIT_CONVERSION = YES;
				GCC_WARN_ABOUT_RETURN_TYPE = YES_ERROR;
				GCC_WARN_UNDECLARED_SELECTOR = YES;
				GCC_WARN_UNINITIALIZED_AUTOS = YES_AGGRESSIVE;
				GCC_WARN_UNUSED_FUNCTION = YES;
				GCC_WARN_UNUSED_VARIABLE = YES;
				INFOPLIST_FILE = Piru/Info.plist;
				IPHONEOS_DEPLOYMENT_TARGET = 26.0;
				LOCALIZATION_PREFERS_STRING_CATALOGS = YES;
				MTL_ENABLE_DEBUG_INFO = INCLUDE_SOURCE;
				MTL_FAST_MATH = YES;
				ONLY_ACTIVE_ARCH = YES;
				PIRU_APP_GROUP = "group.$(PIRU_BUNDLE_ID)";
				PIRU_BUNDLE_ID = glass.kagerou.piru;
				PIRU_LEGACY_APP_GROUP = "group.$(PIRU_LEGACY_BUNDLE_ID)";
				PIRU_LEGACY_BUNDLE_ID = dev.yumeji.piru;
				SDKROOT = iphoneos;
				STRING_CATALOG_GENERATE_SYMBOLS = YES;
				SWIFT_ACTIVE_COMPILATION_CONDITIONS = "DEBUG $(inherited)";
				SWIFT_OBJC_BRIDGING_HEADER = "Piru/Piru-Bridging-Header.h";
				SWIFT_OPTIMIZATION_LEVEL = "-Onone";
			};
			name = Debug;
		};
		0B793F052F55434900FB3EE1 /* Release configuration for PBXProject "Piru" */ = {
			isa = XCBuildConfiguration;
			buildSettings = {
				ALWAYS_SEARCH_USER_PATHS = NO;
				ASSETCATALOG_COMPILER_GENERATE_SWIFT_ASSET_SYMBOL_EXTENSIONS = YES;
				CLANG_ANALYZER_LOCALIZABILITY_NONLOCALIZED = YES;
				CLANG_ANALYZER_NONNULL = YES;
				CLANG_ANALYZER_NUMBER_OBJECT_CONVERSION = YES_AGGRESSIVE;
				CLANG_CXX_LANGUAGE_STANDARD = "gnu++20";
				CLANG_ENABLE_MODULES = YES;
				CLANG_ENABLE_OBJC_ARC = YES;
				CLANG_ENABLE_OBJC_WEAK = YES;
				CLANG_WARN_BLOCK_CAPTURE_AUTORELEASING = YES;
				CLANG_WARN_BOOL_CONVERSION = YES;
				CLANG_WARN_COMMA = YES;
				CLANG_WARN_CONSTANT_CONVERSION = YES;
				CLANG_WARN_DEPRECATED_OBJC_IMPLEMENTATIONS = YES;
				CLANG_WARN_DIRECT_OBJC_ISA_USAGE = YES_ERROR;
				CLANG_WARN_DOCUMENTATION_COMMENTS = YES;
				CLANG_WARN_EMPTY_BODY = YES;
				CLANG_WARN_ENUM_CONVERSION = YES;
				CLANG_WARN_INFINITE_RECURSION = YES;
				CLANG_WARN_INT_CONVERSION = YES;
				CLANG_WARN_NON_LITERAL_NULL_CONVERSION = YES;
				CLANG_WARN_OBJC_IMPLICIT_RETAIN_SELF = YES;
				CLANG_WARN_OBJC_LITERAL_CONVERSION = YES;
				CLANG_WARN_OBJC_ROOT_CLASS = YES_ERROR;
				CLANG_WARN_QUOTED_INCLUDE_IN_FRAMEWORK_HEADER = YES;
				CLANG_WARN_RANGE_LOOP_ANALYSIS = YES;
				CLANG_WARN_STRICT_PROTOTYPES = YES;
				CLANG_WARN_SUSPICIOUS_MOVE = YES;
				CLANG_WARN_UNGUARDED_AVAILABILITY = YES_AGGRESSIVE;
				CLANG_WARN_UNREACHABLE_CODE = YES;
				CLANG_WARN__DUPLICATE_METHOD_MATCH = YES;
				COPY_PHASE_STRIP = NO;
				DEBUG_INFORMATION_FORMAT = "dwarf-with-dsym";
				DEVELOPMENT_TEAM = 52K336H235;
				ENABLE_NS_ASSERTIONS = NO;
				ENABLE_STRICT_OBJC_MSGSEND = YES;
				ENABLE_USER_SCRIPT_SANDBOXING = YES;
				GCC_C_LANGUAGE_STANDARD = gnu17;
				GCC_NO_COMMON_BLOCKS = YES;
				GCC_WARN_64_TO_32_BIT_CONVERSION = YES;
				GCC_WARN_ABOUT_RETURN_TYPE = YES_ERROR;
				GCC_WARN_UNDECLARED_SELECTOR = YES;
				GCC_WARN_UNINITIALIZED_AUTOS = YES_AGGRESSIVE;
				GCC_WARN_UNUSED_FUNCTION = YES;
				GCC_WARN_UNUSED_VARIABLE = YES;
				INFOPLIST_FILE = Piru/Info.plist;
				IPHONEOS_DEPLOYMENT_TARGET = 26.0;
				LOCALIZATION_PREFERS_STRING_CATALOGS = YES;
				MTL_ENABLE_DEBUG_INFO = NO;
				MTL_FAST_MATH = YES;
				PIRU_APP_GROUP = "group.$(PIRU_BUNDLE_ID)";
				PIRU_BUNDLE_ID = glass.kagerou.piru;
				PIRU_LEGACY_APP_GROUP = "group.$(PIRU_LEGACY_BUNDLE_ID)";
				PIRU_LEGACY_BUNDLE_ID = dev.yumeji.piru;
				SDKROOT = iphoneos;
				STRING_CATALOG_GENERATE_SYMBOLS = YES;
				SWIFT_COMPILATION_MODE = wholemodule;
				SWIFT_OBJC_BRIDGING_HEADER = "Piru/Piru-Bridging-Header.h";
				VALIDATE_PRODUCT = YES;
			};
			name = Release;
		};
		0B793F072F55434900FB3EE1 /* Debug configuration for PBXNativeTarget "Piru" */ = {
			isa = XCBuildConfiguration;
			buildSettings = {
				ASSETCATALOG_COMPILER_APPICON_NAME = Piru;
				ASSETCATALOG_COMPILER_GLOBAL_ACCENT_COLOR_NAME = AccentColor;
				CODE_SIGN_ENTITLEMENTS = Piru/Piru.entitlements;
				CODE_SIGN_STYLE = Automatic;
				CURRENT_PROJECT_VERSION = 57;
				ENABLE_APP_SANDBOX = YES;
				ENABLE_HARDENED_RUNTIME = YES;
				ENABLE_OUTGOING_NETWORK_CONNECTIONS = YES;
				ENABLE_PREVIEWS = YES;
				ENABLE_RESOURCE_ACCESS_CAMERA = YES;
				ENABLE_RESOURCE_ACCESS_LOCATION = YES;
				"EXCLUDED_SOURCE_FILE_NAMES[sdk=iphoneos*]" = (
					"$(inherited)",
					"*+macOS.swift",
				);
				"EXCLUDED_SOURCE_FILE_NAMES[sdk=iphonesimulator*]" = (
					"$(inherited)",
					"*+macOS.swift",
				);
				"EXCLUDED_SOURCE_FILE_NAMES[sdk=macosx*]" = (
					"$(inherited)",
					"*+iOS.swift",
					"$(SRCROOT)/Piru/iOS/*",
				);
				GENERATE_INFOPLIST_FILE = YES;
				INFOPLIST_KEY_ITSAppUsesNonExemptEncryption = NO;
				INFOPLIST_KEY_LSApplicationCategoryType = "public.app-category.lifestyle";
				INFOPLIST_KEY_LSSupportsOpeningDocumentsInPlace = YES;
				INFOPLIST_KEY_NSCameraUsageDescription = "Piru uses the camera to read a label or barcode you point it at, so its text can fill in a journal entry.";
				INFOPLIST_KEY_NSHealthShareUsageDescription = "Piru shows your body weight, heart rate, blood pressure and workouts from Health alongside your journal entries, for your personal records.";
				INFOPLIST_KEY_NSHealthUpdateUsageDescription = "Piru uses the Health data you allow alongside your journal entries, for your personal records.";
				INFOPLIST_KEY_NSLocationWhenInUseUsageDescription = "Piru adds the place where you made an entry to your journal, for your personal records.";
				INFOPLIST_KEY_NSSupportsLiveActivities = YES;
				INFOPLIST_KEY_NSSupportsLiveActivitiesFrequentUpdates = YES;
				INFOPLIST_KEY_UIApplicationSceneManifest_Generation = YES;
				INFOPLIST_KEY_UIApplicationSupportsIndirectInputEvents = YES;
				INFOPLIST_KEY_UILaunchScreen_Generation = YES;
				INFOPLIST_KEY_UISupportedInterfaceOrientations = UIInterfaceOrientationPortrait;
				INFOPLIST_KEY_UISupportedInterfaceOrientations_iPad = "UIInterfaceOrientationLandscapeLeft UIInterfaceOrientationLandscapeRight UIInterfaceOrientationPortrait UIInterfaceOrientationPortraitUpsideDown";
				IPHONEOS_DEPLOYMENT_TARGET = 26.0;
				LD_RUNPATH_SEARCH_PATHS = (
					"$(inherited)",
					"@executable_path/Frameworks",
				);
				MACOSX_DEPLOYMENT_TARGET = 26.0;
				MARKETING_VERSION = 1.0;
				PRODUCT_BUNDLE_IDENTIFIER = "$(PIRU_BUNDLE_ID)";
				PRODUCT_NAME = "$(TARGET_NAME)";
				REGISTER_APP_GROUPS = YES;
				STRING_CATALOG_GENERATE_SYMBOLS = YES;
				SUPPORTED_PLATFORMS = "iphoneos iphonesimulator macosx";
				SUPPORTS_MACCATALYST = NO;
				SUPPORTS_MAC_DESIGNED_FOR_IPHONE_IPAD = NO;
				SWIFT_APPROACHABLE_CONCURRENCY = YES;
				SWIFT_DEFAULT_ACTOR_ISOLATION = MainActor;
				SWIFT_EMIT_LOC_STRINGS = YES;
				SWIFT_STRICT_CONCURRENCY = complete;
				SWIFT_UPCOMING_FEATURE_MEMBER_IMPORT_VISIBILITY = YES;
				SWIFT_VERSION = 6.0;
				TARGETED_DEVICE_FAMILY = "1,2";
			};
			name = Debug;
		};
		0B793F082F55434900FB3EE1 /* Release configuration for PBXNativeTarget "Piru" */ = {
			isa = XCBuildConfiguration;
			buildSettings = {
				ASSETCATALOG_COMPILER_APPICON_NAME = Piru;
				ASSETCATALOG_COMPILER_GLOBAL_ACCENT_COLOR_NAME = AccentColor;
				CODE_SIGN_ENTITLEMENTS = Piru/Piru.entitlements;
				CODE_SIGN_STYLE = Automatic;
				CURRENT_PROJECT_VERSION = 57;
				ENABLE_APP_SANDBOX = YES;
				ENABLE_HARDENED_RUNTIME = YES;
				ENABLE_OUTGOING_NETWORK_CONNECTIONS = YES;
				ENABLE_PREVIEWS = YES;
				ENABLE_RESOURCE_ACCESS_CAMERA = YES;
				ENABLE_RESOURCE_ACCESS_LOCATION = YES;
				"EXCLUDED_SOURCE_FILE_NAMES[sdk=iphoneos*]" = (
					"$(inherited)",
					"*+macOS.swift",
				);
				"EXCLUDED_SOURCE_FILE_NAMES[sdk=iphonesimulator*]" = (
					"$(inherited)",
					"*+macOS.swift",
				);
				"EXCLUDED_SOURCE_FILE_NAMES[sdk=macosx*]" = (
					"$(inherited)",
					"*+iOS.swift",
					"$(SRCROOT)/Piru/iOS/*",
				);
				GENERATE_INFOPLIST_FILE = YES;
				INFOPLIST_KEY_ITSAppUsesNonExemptEncryption = NO;
				INFOPLIST_KEY_LSApplicationCategoryType = "public.app-category.lifestyle";
				INFOPLIST_KEY_LSSupportsOpeningDocumentsInPlace = YES;
				INFOPLIST_KEY_NSCameraUsageDescription = "Piru uses the camera to read a label or barcode you point it at, so its text can fill in a journal entry.";
				INFOPLIST_KEY_NSHealthShareUsageDescription = "Piru shows your body weight, heart rate, blood pressure and workouts from Health alongside your journal entries, for your personal records.";
				INFOPLIST_KEY_NSHealthUpdateUsageDescription = "Piru uses the Health data you allow alongside your journal entries, for your personal records.";
				INFOPLIST_KEY_NSLocationWhenInUseUsageDescription = "Piru adds the place where you made an entry to your journal, for your personal records.";
				INFOPLIST_KEY_NSSupportsLiveActivities = YES;
				INFOPLIST_KEY_NSSupportsLiveActivitiesFrequentUpdates = YES;
				INFOPLIST_KEY_UIApplicationSceneManifest_Generation = YES;
				INFOPLIST_KEY_UIApplicationSupportsIndirectInputEvents = YES;
				INFOPLIST_KEY_UILaunchScreen_Generation = YES;
				INFOPLIST_KEY_UISupportedInterfaceOrientations = UIInterfaceOrientationPortrait;
				INFOPLIST_KEY_UISupportedInterfaceOrientations_iPad = "UIInterfaceOrientationLandscapeLeft UIInterfaceOrientationLandscapeRight UIInterfaceOrientationPortrait UIInterfaceOrientationPortraitUpsideDown";
				IPHONEOS_DEPLOYMENT_TARGET = 26.0;
				LD_RUNPATH_SEARCH_PATHS = (
					"$(inherited)",
					"@executable_path/Frameworks",
				);
				MACOSX_DEPLOYMENT_TARGET = 26.0;
				MARKETING_VERSION = 1.0;
				PRODUCT_BUNDLE_IDENTIFIER = "$(PIRU_BUNDLE_ID)";
				PRODUCT_NAME = "$(TARGET_NAME)";
				REGISTER_APP_GROUPS = YES;
				STRING_CATALOG_GENERATE_SYMBOLS = YES;
				SUPPORTED_PLATFORMS = "iphoneos iphonesimulator macosx";
				SUPPORTS_MACCATALYST = NO;
				SUPPORTS_MAC_DESIGNED_FOR_IPHONE_IPAD = NO;
				SWIFT_APPROACHABLE_CONCURRENCY = YES;
				SWIFT_DEFAULT_ACTOR_ISOLATION = MainActor;
				SWIFT_EMIT_LOC_STRINGS = YES;
				SWIFT_STRICT_CONCURRENCY = complete;
				SWIFT_UPCOMING_FEATURE_MEMBER_IMPORT_VISIBILITY = YES;
				SWIFT_VERSION = 6.0;
				TARGETED_DEVICE_FAMILY = "1,2";
			};
			name = Release;
		};
		0B793F222F55446900FB3EE1 /* Debug configuration for PBXNativeTarget "PiruLiveActivityExtensionExtension" */ = {
			isa = XCBuildConfiguration;
			buildSettings = {
				ASSETCATALOG_COMPILER_GLOBAL_ACCENT_COLOR_NAME = AccentColor;
				CODE_SIGN_ENTITLEMENTS = PiruLiveActivityExtension/PiruLiveActivityExtension.entitlements;
				CODE_SIGN_STYLE = Automatic;
				CURRENT_PROJECT_VERSION = 57;
				GENERATE_INFOPLIST_FILE = YES;
				INFOPLIST_FILE = PiruLiveActivityExtension/Info.plist;
				INFOPLIST_KEY_CFBundleDisplayName = PiruLiveActivityExtension;
				INFOPLIST_KEY_NSHumanReadableCopyright = "";
				IPHONEOS_DEPLOYMENT_TARGET = 26.0;
				LD_RUNPATH_SEARCH_PATHS = (
					"$(inherited)",
					"@executable_path/Frameworks",
					"@executable_path/../../Frameworks",
				);
				MARKETING_VERSION = 1.0;
				PRODUCT_BUNDLE_IDENTIFIER = "$(PIRU_BUNDLE_ID).live-activity";
				PRODUCT_NAME = "$(TARGET_NAME)";
				SKIP_INSTALL = YES;
				STRING_CATALOG_GENERATE_SYMBOLS = YES;
				SWIFT_APPROACHABLE_CONCURRENCY = YES;
				SWIFT_EMIT_LOC_STRINGS = YES;
				SWIFT_UPCOMING_FEATURE_MEMBER_IMPORT_VISIBILITY = YES;
				SWIFT_VERSION = 6.0;
				TARGETED_DEVICE_FAMILY = "1,2";
			};
			name = Debug;
		};
		0B793F232F55446900FB3EE1 /* Release configuration for PBXNativeTarget "PiruLiveActivityExtensionExtension" */ = {
			isa = XCBuildConfiguration;
			buildSettings = {
				ASSETCATALOG_COMPILER_GLOBAL_ACCENT_COLOR_NAME = AccentColor;
				CODE_SIGN_ENTITLEMENTS = PiruLiveActivityExtension/PiruLiveActivityExtension.entitlements;
				CODE_SIGN_STYLE = Automatic;
				CURRENT_PROJECT_VERSION = 57;
				GENERATE_INFOPLIST_FILE = YES;
				INFOPLIST_FILE = PiruLiveActivityExtension/Info.plist;
				INFOPLIST_KEY_CFBundleDisplayName = PiruLiveActivityExtension;
				INFOPLIST_KEY_NSHumanReadableCopyright = "";
				IPHONEOS_DEPLOYMENT_TARGET = 26.0;
				LD_RUNPATH_SEARCH_PATHS = (
					"$(inherited)",
					"@executable_path/Frameworks",
					"@executable_path/../../Frameworks",
				);
				MARKETING_VERSION = 1.0;
				PRODUCT_BUNDLE_IDENTIFIER = "$(PIRU_BUNDLE_ID).live-activity";
				PRODUCT_NAME = "$(TARGET_NAME)";
				SKIP_INSTALL = YES;
				STRING_CATALOG_GENERATE_SYMBOLS = YES;
				SWIFT_APPROACHABLE_CONCURRENCY = YES;
				SWIFT_EMIT_LOC_STRINGS = YES;
				SWIFT_UPCOMING_FEATURE_MEMBER_IMPORT_VISIBILITY = YES;
				SWIFT_VERSION = 6.0;
				TARGETED_DEVICE_FAMILY = "1,2";
			};
			name = Release;
		};
		0B793F302F55448700FB3EE1 /* Debug configuration for PBXNativeTarget "PiruTests" */ = {
			isa = XCBuildConfiguration;
			buildSettings = {
				BUNDLE_LOADER = "$(TEST_HOST)";
				CODE_SIGN_STYLE = Automatic;
				CURRENT_PROJECT_VERSION = 57;
				GENERATE_INFOPLIST_FILE = YES;
				IPHONEOS_DEPLOYMENT_TARGET = 26.0;
				MARKETING_VERSION = 1.0;
				PRODUCT_BUNDLE_IDENTIFIER = "$(PIRU_BUNDLE_ID).tests";
				PRODUCT_NAME = "$(TARGET_NAME)";
				STRING_CATALOG_GENERATE_SYMBOLS = NO;
				SWIFT_APPROACHABLE_CONCURRENCY = YES;
				SWIFT_DEFAULT_ACTOR_ISOLATION = MainActor;
				SWIFT_EMIT_LOC_STRINGS = NO;
				SWIFT_STRICT_CONCURRENCY = complete;
				SWIFT_UPCOMING_FEATURE_MEMBER_IMPORT_VISIBILITY = YES;
				SWIFT_VERSION = 6.0;
				TARGETED_DEVICE_FAMILY = "1,2";
				TEST_HOST = "$(BUILT_PRODUCTS_DIR)/Piru.app/$(BUNDLE_EXECUTABLE_FOLDER_PATH)/Piru";
			};
			name = Debug;
		};
		0B793F312F55448700FB3EE1 /* Release configuration for PBXNativeTarget "PiruTests" */ = {
			isa = XCBuildConfiguration;
			buildSettings = {
				BUNDLE_LOADER = "$(TEST_HOST)";
				CODE_SIGN_STYLE = Automatic;
				CURRENT_PROJECT_VERSION = 57;
				GENERATE_INFOPLIST_FILE = YES;
				IPHONEOS_DEPLOYMENT_TARGET = 26.0;
				MARKETING_VERSION = 1.0;
				PRODUCT_BUNDLE_IDENTIFIER = "$(PIRU_BUNDLE_ID).tests";
				PRODUCT_NAME = "$(TARGET_NAME)";
				STRING_CATALOG_GENERATE_SYMBOLS = NO;
				SWIFT_APPROACHABLE_CONCURRENCY = YES;
				SWIFT_DEFAULT_ACTOR_ISOLATION = MainActor;
				SWIFT_EMIT_LOC_STRINGS = NO;
				SWIFT_STRICT_CONCURRENCY = complete;
				SWIFT_UPCOMING_FEATURE_MEMBER_IMPORT_VISIBILITY = YES;
				SWIFT_VERSION = 6.0;
				TARGETED_DEVICE_FAMILY = "1,2";
				TEST_HOST = "$(BUILT_PRODUCTS_DIR)/Piru.app/$(BUNDLE_EXECUTABLE_FOLDER_PATH)/Piru";
			};
			name = Release;
		};
		6699DAB55C4F4A8C9FCA980F /* Release configuration for PBXNativeTarget "PiruWidget" */ = {
			isa = XCBuildConfiguration;
			buildSettings = {
				ASSTCATALOG_COMPILER_GLOBAL_ACCENT_COLOR_NAME = AccentColor;
				CODE_SIGN_ENTITLEMENTS = PiruWidget/PiruWidget.entitlements;
				CODE_SIGN_STYLE = Automatic;
				CURRENT_PROJECT_VERSION = 57;
				GENERATE_INFOPLIST_FILE = NO;
				INFOPLIST_FILE = PiruWidget/Info.plist;
				INFOPLIST_KEY_CFBundleDisplayName = PiruWidget;
				INFOPLIST_KEY_NSHumanReadableCopyright = "";
				IPHONEOS_DEPLOYMENT_TARGET = 26.0;
				LD_RUNPATH_SEARCH_PATHS = (
					"$(inherited)",
					"@executable_path/Frameworks",
					"@executable_path/../../Frameworks",
				);
				MARKETING_VERSION = 1.0;
				PRODUCT_BUNDLE_IDENTIFIER = "$(PIRU_BUNDLE_ID).widget";
				PRODUCT_NAME = "$(TARGET_NAME)";
				SKIP_INSTALL = YES;
				SWIFT_APPROACHABLE_CONCURRENCY = YES;
				SWIFT_EMIT_LOC_STRINGS = YES;
				SWIFT_UPCOMING_FEATURE_MEMBER_IMPORT_VISIBILITY = YES;
				SWIFT_VERSION = 6.0;
				TARGETED_DEVICE_FAMILY = "1,2";
			};
			name = Release;
		};
		B31F1C8012694D7A8C63F79B /* Debug configuration for PBXNativeTarget "PiruWidget" */ = {
			isa = XCBuildConfiguration;
			buildSettings = {
				ASSTCATALOG_COMPILER_GLOBAL_ACCENT_COLOR_NAME = AccentColor;
				CODE_SIGN_ENTITLEMENTS = PiruWidget/PiruWidget.entitlements;
				CODE_SIGN_STYLE = Automatic;
				CURRENT_PROJECT_VERSION = 57;
				GENERATE_INFOPLIST_FILE = NO;
				INFOPLIST_FILE = PiruWidget/Info.plist;
				INFOPLIST_KEY_CFBundleDisplayName = PiruWidget;
				INFOPLIST_KEY_NSHumanReadableCopyright = "";
				IPHONEOS_DEPLOYMENT_TARGET = 26.0;
				LD_RUNPATH_SEARCH_PATHS = (
					"$(inherited)",
					"@executable_path/Frameworks",
					"@executable_path/../../Frameworks",
				);
				MARKETING_VERSION = 1.0;
				PRODUCT_BUNDLE_IDENTIFIER = "$(PIRU_BUNDLE_ID).widget";
				PRODUCT_NAME = "$(TARGET_NAME)";
				SKIP_INSTALL = YES;
				SWIFT_APPROACHABLE_CONCURRENCY = YES;
				SWIFT_EMIT_LOC_STRINGS = YES;
				SWIFT_UPCOMING_FEATURE_MEMBER_IMPORT_VISIBILITY = YES;
				SWIFT_VERSION = 6.0;
				TARGETED_DEVICE_FAMILY = "1,2";
			};
			name = Debug;
		};
/* End XCBuildConfiguration section */

/* Begin XCConfigurationList section */
		0B3399133025398900182A68 /* Build configuration list for PBXNativeTarget "PiruWatch Watch App" */ = {
			isa = XCConfigurationList;
			buildConfigurations = (
				0B3399113025398900182A68 /* Debug configuration for PBXNativeTarget "PiruWatch Watch App" */,
				0B3399123025398900182A68 /* Release configuration for PBXNativeTarget "PiruWatch Watch App" */,
			);
			defaultConfigurationName = Release;
		};
		0B33C3A93025783800182A68 /* Build configuration list for PBXNativeTarget "PiruComplicationExtension" */ = {
			isa = XCConfigurationList;
			buildConfigurations = (
				0B33C3A73025783800182A68 /* Debug configuration for PBXNativeTarget "PiruComplicationExtension" */,
				0B33C3A83025783800182A68 /* Release configuration for PBXNativeTarget "PiruComplicationExtension" */,
			);
			defaultConfigurationName = Release;
		};
		0B793EF62F55434700FB3EE1 /* Build configuration list for PBXProject "Piru" */ = {
			isa = XCConfigurationList;
			buildConfigurations = (
				0B793F042F55434900FB3EE1 /* Debug configuration for PBXProject "Piru" */,
				0B793F052F55434900FB3EE1 /* Release configuration for PBXProject "Piru" */,
			);
			defaultConfigurationName = Release;
		};
		0B793F062F55434900FB3EE1 /* Build configuration list for PBXNativeTarget "Piru" */ = {
			isa = XCConfigurationList;
			buildConfigurations = (
				0B793F072F55434900FB3EE1 /* Debug configuration for PBXNativeTarget "Piru" */,
				0B793F082F55434900FB3EE1 /* Release configuration for PBXNativeTarget "Piru" */,
			);
			defaultConfigurationName = Release;
		};
		0B793F212F55446900FB3EE1 /* Build configuration list for PBXNativeTarget "PiruLiveActivityExtensionExtension" */ = {
			isa = XCConfigurationList;
			buildConfigurations = (
				0B793F222F55446900FB3EE1 /* Debug configuration for PBXNativeTarget "PiruLiveActivityExtensionExtension" */,
				0B793F232F55446900FB3EE1 /* Release configuration for PBXNativeTarget "PiruLiveActivityExtensionExtension" */,
			);
			defaultConfigurationName = Release;
		};
		0B793F2F2F55448700FB3EE1 /* Build configuration list for PBXNativeTarget "PiruTests" */ = {
			isa = XCConfigurationList;
			buildConfigurations = (
				0B793F302F55448700FB3EE1 /* Debug configuration for PBXNativeTarget "PiruTests" */,
				0B793F312F55448700FB3EE1 /* Release configuration for PBXNativeTarget "PiruTests" */,
			);
			defaultConfigurationName = Release;
		};
		3EEA5D34D787431BB7B68B80 /* Build configuration list for PBXNativeTarget "PiruWidget" */ = {
			isa = XCConfigurationList;
			buildConfigurations = (
				B31F1C8012694D7A8C63F79B /* Debug configuration for PBXNativeTarget "PiruWidget" */,
				6699DAB55C4F4A8C9FCA980F /* Release configuration for PBXNativeTarget "PiruWidget" */,
			);
			defaultConfigurationName = Release;
		};
/* End XCConfigurationList section */

/* Begin XCRemoteSwiftPackageReference section */
		0B1576A72FEBA88900517683 /* XCRemoteSwiftPackageReference "swift-async-algorithms" */ = {
			isa = XCRemoteSwiftPackageReference;
			repositoryURL = "https://github.com/apple/swift-async-algorithms.git";
			requirement = {
				kind = upToNextMajorVersion;
				minimumVersion = 1.1.4;
			};
		};
		0B7CFB6F2FC48B84007EE957 /* XCRemoteSwiftPackageReference "GRDB.swift" */ = {
			isa = XCRemoteSwiftPackageReference;
			repositoryURL = "https://github.com/groue/GRDB.swift.git";
			requirement = {
				kind = upToNextMajorVersion;
				minimumVersion = 7.10.0;
			};
		};
/* End XCRemoteSwiftPackageReference section */

/* Begin XCSwiftPackageProductDependency section */
		0B1576A82FEBA88900517683 /* AsyncAlgorithms */ = {
			isa = XCSwiftPackageProductDependency;
			package = 0B1576A72FEBA88900517683 /* XCRemoteSwiftPackageReference "swift-async-algorithms" */;
			productName = AsyncAlgorithms;
		};
		0B7CFB702FC48B84007EE957 /* GRDB */ = {
			isa = XCSwiftPackageProductDependency;
			package = 0B7CFB6F2FC48B84007EE957 /* XCRemoteSwiftPackageReference "GRDB.swift" */;
			productName = GRDB;
		};
/* End XCSwiftPackageProductDependency section */
	};
	rootObject = 0B793EF32F55434700FB3EE1 /* Project object */;
}
